# This file is autogenerated, do not edit; changes may be undone by the next 'dep ensure'.


[[projects]]
  digest = "1:305fae4a0e5d55390c5d91b37da205e48f3bf2390f2ac3e7cec171de6d32b31a"
  name = "github.com/aws/aws-lambda-go"
  packages = [
    "lambda",
    "lambda/messages",
    "lambdacontext",
  ]
  pruneopts = ""
  revision = "fb8f88d824489a878aee1e0badde7d8e129f8767"
  version = "v1.7.0"

[solve-meta]
  analyzer-name = "dep"
  analyzer-version = 1
  input-imports = ["github.com/aws/aws-lambda-go/lambda"]
  solver-name = "gps-cdcl"
  solver-version = 1
